
Microsoft Visual Studio Solution File, Format Version 12.00
# Visual Studio Version 17
VisualStudioVersion = 17.10.34928.147
MinimumVisualStudioVersion = 10.0.40219.1
Project("{9A19103F-16F7-4668-BE54-9A1E7A4F7556}") = "01_IntroToCSharp", "01_IntroToCSharp\01_IntroToCSharp.csproj", "{9097EEE3-1F26-4567-93F4-D85369B0134D}"
EndProject
Project("{9A19103F-16F7-4668-BE54-9A1E7A4F7556}") = "02_Array", "02_Array\02_Array.csproj", "{9AA5A070-EDA3-44AD-8F78-D6070A0C6FFD}"
EndProject
Project("{9A19103F-16F7-4668-BE54-9A1E7A4F7556}") = "03_String", "03_String\03_String.csproj", "{B51B4D73-7B75-4C7A-9271-920DCF6361D1}"
EndProject
Project("{9A19103F-16F7-4668-BE54-9A1E7A4F7556}") = "04_IntroToOOP", "04_IntroToOOP\04_IntroToOOP.csproj", "{3654544E-3780-44F6-BDEE-3CFE14C4FA94}"
EndProject
Project("{9A19103F-16F7-4668-BE54-9A1E7A4F7556}") = "05_ClassStructRef", "05_ClassStructRef\05_ClassStructRef.csproj", "{78E60F99-89E4-4782-A15E-E6272CC20080}"
EndProject
Project("{FAE04EC0-301F-11D3-BF4B-00C04F79EFBC}") = "06_Exceptions", "06_Exceptions\06_Exceptions.csproj", "{1F976F4A-34BE-4B46-950C-AA779047284F}"
EndProject
Global
	GlobalSection(SolutionConfigurationPlatforms) = preSolution
		Debug|Any CPU = Debug|Any CPU
		Release|Any CPU = Release|Any CPU
	EndGlobalSection
	GlobalSection(ProjectConfigurationPlatforms) = postSolution
		{9097EEE3-1F26-4567-93F4-D85369B0134D}.Debug|Any CPU.ActiveCfg = Debug|Any CPU
		{9097EEE3-1F26-4567-93F4-D85369B0134D}.Debug|Any CPU.Build.0 = Debug|Any CPU
		{9097EEE3-1F26-4567-93F4-D85369B0134D}.Release|Any CPU.ActiveCfg = Release|Any CPU
		{9097EEE3-1F26-4567-93F4-D85369B0134D}.Release|Any CPU.Build.0 = Release|Any CPU
		{9AA5A070-EDA3-44AD-8F78-D6070A0C6FFD}.Debug|Any CPU.ActiveCfg = Debug|Any CPU
		{9AA5A070-EDA3-44AD-8F78-D6070A0C6FFD}.Debug|Any CPU.Build.0 = Debug|Any CPU
		{9AA5A070-EDA3-44AD-8F78-D6070A0C6FFD}.Release|Any CPU.ActiveCfg = Release|Any CPU
		{9AA5A070-EDA3-44AD-8F78-D6070A0C6FFD}.Release|Any CPU.Build.0 = Release|Any CPU
		{B51B4D73-7B75-4C7A-9271-920DCF6361D1}.Debug|Any CPU.ActiveCfg = Debug|Any CPU
		{B51B4D73-7B75-4C7A-9271-920DCF6361D1}.Debug|Any CPU.Build.0 = Debug|Any CPU
		{B51B4D73-7B75-4C7A-9271-920DCF6361D1}.Release|Any CPU.ActiveCfg = Release|Any CPU
		{B51B4D73-7B75-4C7A-9271-920DCF6361D1}.Release|Any CPU.Build.0 = Release|Any CPU
		{3654544E-3780-44F6-BDEE-3CFE14C4FA94}.Debug|Any CPU.ActiveCfg = Debug|Any CPU
		{3654544E-3780-44F6-BDEE-3CFE14C4FA94}.Debug|Any CPU.Build.0 = Debug|Any CPU
		{3654544E-3780-44F6-BDEE-3CFE14C4FA94}.Release|Any CPU.ActiveCfg = Release|Any CPU
		{3654544E-3780-44F6-BDEE-3CFE14C4FA94}.Release|Any CPU.Build.0 = Release|Any CPU
		{78E60F99-89E4-4782-A15E-E6272CC20080}.Debug|Any CPU.ActiveCfg = Debug|Any CPU
		{78E60F99-89E4-4782-A15E-E6272CC20080}.Debug|Any CPU.Build.0 = Debug|Any CPU
		{78E60F99-89E4-4782-A15E-E6272CC20080}.Release|Any CPU.ActiveCfg = Release|Any CPU
		{78E60F99-89E4-4782-A15E-E6272CC20080}.Release|Any CPU.Build.0 = Release|Any CPU
		{1F976F4A-34BE-4B46-950C-AA779047284F}.Debug|Any CPU.ActiveCfg = Debug|Any CPU
		{1F976F4A-34BE-4B46-950C-AA779047284F}.Debug|Any CPU.Build.0 = Debug|Any CPU
		{1F976F4A-34BE-4B46-950C-AA779047284F}.Release|Any CPU.ActiveCfg = Release|Any CPU
		{1F976F4A-34BE-4B46-950C-AA779047284F}.Release|Any CPU.Build.0 = Release|Any CPU
	EndGlobalSection
	GlobalSection(SolutionProperties) = preSolution
		HideSolutionNode = FALSE
	EndGlobalSection
	GlobalSection(ExtensibilityGlobals) = postSolution
		SolutionGuid = {ACAD6DDC-C9CE-486E-8A64-53AB61D1CFA7}
	EndGlobalSection
EndGlobal
